<?xml version="1.0" encoding="utf-8"?>
<Project ToolsVersion="4.0" xmlns="http://schemas.microsoft.com/developer/msbuild/2003">
  <ItemGroup>
    <Filter Include="Fichiers sources">
      <UniqueIdentifier>{4FC737F1-C7A5-4376-A066-2A32D752A2FF}</UniqueIdentifier>
      <Extensions>cpp;c;cc;cxx;c++;cppm;ixx;def;odl;idl;hpj;bat;asm;asmx</Extensions>
    </Filter>
    <Filter Include="Fichiers d%27en-tête">
      <UniqueIdentifier>{93995380-89BD-4b04-88EB-625FBE52EBFB}</UniqueIdentifier>
      <Extensions>h;hh;hpp;hxx;h++;hm;inl;inc;ipp;xsd</Extensions>
    </Filter>
    <Filter Include="Fichiers de ressources">
      <UniqueIdentifier>{67DA6AB6-F800-4c08-8B7A-83BB121AAD01}</UniqueIdentifier>
      <Extensions>rc;ico;cur;bmp;dlg;rc2;rct;bin;rgs;gif;jpg;jpeg;jpe;resx;tiff;tif;png;wav;mfcribbon-ms</Extensions>
    </Filter>
    <Filter Include="Fichiers de ressources\models">
      <UniqueIdentifier>{2e617751-35aa-4b7e-9741-a37690345733}</UniqueIdentifier>
    </Filter>
    <Filter Include="Fichiers de ressources\shaders">
      <UniqueIdentifier>{a459fd32-ea3e-4d33-a255-d378af2efc01}</UniqueIdentifier>
    </Filter>
    <Filter Include="Fichiers d%27en-tête\externals">
      <UniqueIdentifier>{322d1cff-7bb0-4ba9-a26c-76973207a58c}</UniqueIdentifier>
    </Filter>
    <Filter Include="Fichiers de ressources\textures">
      <UniqueIdentifier>{ec1b5442-eb68-4d00-9c1c-94775719843f}</UniqueIdentifier>
    </Filter>
  </ItemGroup>
  <ItemGroup>
    <ClInclude Include="source\LightSource.h">
      <Filter>Fichiers d%27en-tête</Filter>
    </ClInclude>
    <ClInclude Include="source\Material.h">
      <Filter>Fichiers d%27en-tête</Filter>
    </ClInclude>
    <ClInclude Include="source\shader.h">
      <Filter>Fichiers d%27en-tête</Filter>
    </ClInclude>
    <ClInclude Include="source\stl.h">
      <Filter>Fichiers d%27en-tête</Filter>
    </ClInclude>
    <ClInclude Include="source\Triangle.h">
      <Filter>Fichiers d%27en-tête</Filter>
    </ClInclude>
    <ClInclude Include="source\MeshModifier.h">
      <Filter>Fichiers d%27en-tête</Filter>
    </ClInclude>
  </ItemGroup>
  <ItemGroup>
    <ClCompile Include="source\shader.cpp">
      <Filter>Fichiers sources</Filter>
    </ClCompile>
    <ClCompile Include="source\stl.cpp">
      <Filter>Fichiers sources</Filter>
    </ClCompile>
    <ClCompile Include="SI_OpenGl.cpp">
      <Filter>Fichiers sources</Filter>
    </ClCompile>
    <ClCompile Include="includes\glad.c">
      <Filter>Fichiers d%27en-tête\externals</Filter>
    </ClCompile>
  </ItemGroup>
  <ItemGroup>
    <None Include="resources\models\baby_yoda.stl">
      <Filter>Fichiers de ressources\models</Filter>
    </None>
    <None Include="resources\models\logo.stl">
      <Filter>Fichiers de ressources\models</Filter>
    </None>
    <None Include="resources\shaders\shader.frag">
      <Filter>Fichiers de ressources\shaders</Filter>
    </None>
    <None Include="resources\shaders\shader.vert">
      <Filter>Fichiers de ressources\shaders</Filter>
    </None>
    <None Include="resources\models\djinn_mars.stl">
      <Filter>Fichiers de ressources\models</Filter>
    </None>
  </ItemGroup>
  <ItemGroup>
    <Image Include="resources\textures\david_goodenough.jpg">
      <Filter>Fichiers de ressources\textures</Filter>
    </Image>
  </ItemGroup>
</Project>